<?xml version="1.0" encoding="utf-8"?>
<Project ToolsVersion="4.0" xmlns="http://schemas.microsoft.com/developer/msbuild/2003">
  <ItemGroup>
    <ClCompile Include="src\game.cpp">
      <Filter>src</Filter>
    </ClCompile>
    <ClCompile Include="src\hud.cpp">
      <Filter>src</Filter>
    </ClCompile>
    <ClCompile Include="src\main.cpp">
      <Filter>src</Filter>
    </ClCompile>
    <ClCompile Include="src\entity_manager.cpp">
      <Filter>src</Filter>
    </ClCompile>
    <ClCompile Include="src\referential.cpp">
      <Filter>src\maths</Filter>
    </ClCompile>
    <ClCompile Include="src\vector.cpp">
      <Filter>src\maths</Filter>
    </ClCompile>
    <ClCompile Include="src\range.cpp">
      <Filter>src\maths</Filter>
    </ClCompile>
    <ClCompile Include="src\intersection.cpp">
      <Filter>src\maths</Filter>
    </ClCompile>
    <ClCompile Include="src\maths_utils.cpp">
      <Filter>src\maths</Filter>
    </ClCompile>
    <ClCompile Include="src\mine.cpp">
      <Filter>src\entities\mines</Filter>
    </ClCompile>
    <ClCompile Include="src\magnetic_fireball_mine.cpp">
      <Filter>src\entities\mines</Filter>
    </ClCompile>
    <ClCompile Include="src\magnetic_mine.cpp">
      <Filter>src\entities\mines</Filter>
    </ClCompile>
    <ClCompile Include="src\floating_mine.cpp">
      <Filter>src\entities\mines</Filter>
    </ClCompile>
    <ClCompile Include="src\fireball_mine.cpp">
      <Filter>src\entities\mines</Filter>
    </ClCompile>
    <ClCompile Include="src\projectile.cpp">
      <Filter>src\entities\projectiles</Filter>
    </ClCompile>
    <ClCompile Include="src\bullet.cpp">
      <Filter>src\entities\projectiles</Filter>
    </ClCompile>
    <ClCompile Include="src\fireball.cpp">
      <Filter>src\entities\projectiles</Filter>
    </ClCompile>
    <ClCompile Include="src\player.cpp">
      <Filter>src\entities</Filter>
    </ClCompile>
    <ClCompile Include="src\minelayer.cpp">
      <Filter>src\entities</Filter>
    </ClCompile>
    <ClCompile Include="src\spawn_point.cpp">
      <Filter>src\entities</Filter>
    </ClCompile>
    <ClCompile Include="src\entity.cpp">
      <Filter>src\entities</Filter>
    </ClCompile>
  </ItemGroup>
  <ItemGroup>
    <ClInclude Include="include\game.h">
      <Filter>include</Filter>
    </ClInclude>
    <ClInclude Include="include\hud.h">
      <Filter>include</Filter>
    </ClInclude>
    <ClInclude Include="include\input.h">
      <Filter>include</Filter>
    </ClInclude>
    <ClInclude Include="include\magnetic_mine.h">
      <Filter>include\entities\mines</Filter>
    </ClInclude>
    <ClInclude Include="include\magnetic_fireball_mine.h">
      <Filter>include\entities\mines</Filter>
    </ClInclude>
    <ClInclude Include="include\mine.h">
      <Filter>include\entities\mines</Filter>
    </ClInclude>
    <ClInclude Include="include\floating_mine.h">
      <Filter>include\entities\mines</Filter>
    </ClInclude>
    <ClInclude Include="include\fireball_mine.h">
      <Filter>include\entities\mines</Filter>
    </ClInclude>
    <ClInclude Include="include\bullet.h">
      <Filter>include\entities\projectiles</Filter>
    </ClInclude>
    <ClInclude Include="include\fireball.h">
      <Filter>include\entities\projectiles</Filter>
    </ClInclude>
    <ClInclude Include="include\projectile.h">
      <Filter>include\entities\projectiles</Filter>
    </ClInclude>
    <ClInclude Include="include\player.h">
      <Filter>include\entities</Filter>
    </ClInclude>
    <ClInclude Include="include\spawn_point.h">
      <Filter>include\entities</Filter>
    </ClInclude>
    <ClInclude Include="include\minelayer.h">
      <Filter>include\entities</Filter>
    </ClInclude>
    <ClInclude Include="include\range.h">
      <Filter>include\maths</Filter>
    </ClInclude>
    <ClInclude Include="include\intersection.h">
      <Filter>include\maths</Filter>
    </ClInclude>
    <ClInclude Include="include\maths_utils.h">
      <Filter>include\maths</Filter>
    </ClInclude>
    <ClInclude Include="include\maths_toolbox.h">
      <Filter>include\maths</Filter>
    </ClInclude>
    <ClInclude Include="include\entity_manager.h">
      <Filter>include</Filter>
    </ClInclude>
    <ClInclude Include="include\entity.h">
      <Filter>include\entities</Filter>
    </ClInclude>
  </ItemGroup>
  <ItemGroup>
    <Filter Include="assets">
      <UniqueIdentifier>{aa37fc01-6e3c-4959-ad00-2e265dc667e1}</UniqueIdentifier>
    </Filter>
    <Filter Include="include">
      <UniqueIdentifier>{699c6683-c810-4632-9af4-b0933672317e}</UniqueIdentifier>
    </Filter>
    <Filter Include="src">
      <UniqueIdentifier>{f040b4c5-c50e-45a4-a4ec-596a58417eb0}</UniqueIdentifier>
    </Filter>
    <Filter Include="src\maths">
      <UniqueIdentifier>{282fc356-758c-46c9-a0c9-4e1eff20c731}</UniqueIdentifier>
    </Filter>
    <Filter Include="src\entities">
      <UniqueIdentifier>{2c4e690d-154c-49fa-a085-8905aba6d923}</UniqueIdentifier>
    </Filter>
    <Filter Include="src\entities\mines">
      <UniqueIdentifier>{56ab416b-0cb0-42fd-a640-256fe3568419}</UniqueIdentifier>
    </Filter>
    <Filter Include="src\entities\projectiles">
      <UniqueIdentifier>{becedb49-b964-4980-aecd-464ca783f12a}</UniqueIdentifier>
    </Filter>
    <Filter Include="include\entities">
      <UniqueIdentifier>{7f898ec7-9bc4-4ac5-9005-ebfc0864d98d}</UniqueIdentifier>
    </Filter>
    <Filter Include="include\entities\mines">
      <UniqueIdentifier>{d4361c47-951f-42c4-8306-76507c527da2}</UniqueIdentifier>
    </Filter>
    <Filter Include="include\entities\projectiles">
      <UniqueIdentifier>{3719bb28-29ea-4c94-b46e-f06e1286af85}</UniqueIdentifier>
    </Filter>
    <Filter Include="include\maths">
      <UniqueIdentifier>{b3d2ac95-5f9b-44b4-ad85-605ec30ec02b}</UniqueIdentifier>
    </Filter>
  </ItemGroup>
  <ItemGroup>
    <Image Include="assets\Assets Mine Storm.jpg">
      <Filter>assets</Filter>
    </Image>
    <Image Include="assets\minestorm_background.png">
      <Filter>assets</Filter>
    </Image>
    <Image Include="assets\minestorm_forground.jpg">
      <Filter>assets</Filter>
    </Image>
    <Image Include="assets\minestorm_forground.png">
      <Filter>assets</Filter>
    </Image>
    <Image Include="assets\minestorm_sprite_atlas_mine_storm.png">
      <Filter>assets</Filter>
    </Image>
  </ItemGroup>
</Project>